// !$*UTF8*$!
{
	archiveVersion = 1;
	classes = {
	};
	objectVersion = 56;
	objects = {

/* Begin PBXBuildFile section */
		6D0C6F522A58810D004846AA /* ErraApp.swift in Sources */ = {isa = PBXBuildFile; fileRef = 6D0C6F512A58810D004846AA /* ErraApp.swift */; };
		6D0C6F542A58810D004846AA /* ContentView.swift in Sources */ = {isa = PBXBuildFile; fileRef = 6D0C6F532A58810D004846AA /* ContentView.swift */; };
		6D0C6F562A58810E004846AA /* Assets.xcassets in Resources */ = {isa = PBXBuildFile; fileRef = 6D0C6F552A58810E004846AA /* Assets.xcassets */; };
		6D0C6F592A58810E004846AA /* Preview Assets.xcassets in Resources */ = {isa = PBXBuildFile; fileRef = 6D0C6F582A58810E004846AA /* Preview Assets.xcassets */; };
		6D0C6F5B2A58810E004846AA /* Persistence.swift in Sources */ = {isa = PBXBuildFile; fileRef = 6D0C6F5A2A58810E004846AA /* Persistence.swift */; };
		6D0C6F682A58810E004846AA /* ErraTests.swift in Sources */ = {isa = PBXBuildFile; fileRef = 6D0C6F672A58810E004846AA /* ErraTests.swift */; };
		6D0C6F722A58810E004846AA /* ErraUITests.swift in Sources */ = {isa = PBXBuildFile; fileRef = 6D0C6F712A58810E004846AA /* ErraUITests.swift */; };
		6D0C6F742A58810E004846AA /* ErraUITestsLaunchTests.swift in Sources */ = {isa = PBXBuildFile; fileRef = 6D0C6F732A58810E004846AA /* ErraUITestsLaunchTests.swift */; };
		6D0C6F852A59B401004846AA /* HomeView.swift in Sources */ = {isa = PBXBuildFile; fileRef = 6D0C6F842A59B401004846AA /* HomeView.swift */; };
		6D0C6F872A59CD8D004846AA /* LoginView.swift in Sources */ = {isa = PBXBuildFile; fileRef = 6D0C6F862A59CD8D004846AA /* LoginView.swift */; };
		6D0C6F8B2A5AC3A7004846AA /* GoogleService-Info.plist in Resources */ = {isa = PBXBuildFile; fileRef = 6D0C6F8A2A5AC3A7004846AA /* GoogleService-Info.plist */; };
		6D0C6F8C2A5AC3A7004846AA /* GoogleService-Info.plist in Resources */ = {isa = PBXBuildFile; fileRef = 6D0C6F8A2A5AC3A7004846AA /* GoogleService-Info.plist */; };
		6D0C6F8D2A5AC3A7004846AA /* GoogleService-Info.plist in Resources */ = {isa = PBXBuildFile; fileRef = 6D0C6F8A2A5AC3A7004846AA /* GoogleService-Info.plist */; };
		6D0EA0072A5AC62A00933D09 /* FirebaseAnalytics in Frameworks */ = {isa = PBXBuildFile; productRef = 6D0EA0062A5AC62A00933D09 /* FirebaseAnalytics */; };
		6D0EA0092A5AC62A00933D09 /* FirebaseAnalyticsSwift in Frameworks */ = {isa = PBXBuildFile; productRef = 6D0EA0082A5AC62A00933D09 /* FirebaseAnalyticsSwift */; };
		6D0EA00B2A5AC62A00933D09 /* FirebaseAuth in Frameworks */ = {isa = PBXBuildFile; productRef = 6D0EA00A2A5AC62A00933D09 /* FirebaseAuth */; };
		6D0EA00D2A5AC62A00933D09 /* FirebaseDatabase in Frameworks */ = {isa = PBXBuildFile; productRef = 6D0EA00C2A5AC62A00933D09 /* FirebaseDatabase */; };
		6D0EA00F2A5AC62A00933D09 /* FirebaseDatabaseSwift in Frameworks */ = {isa = PBXBuildFile; productRef = 6D0EA00E2A5AC62A00933D09 /* FirebaseDatabaseSwift */; };
		6D0EA0112A5AC62A00933D09 /* FirebaseFirestore in Frameworks */ = {isa = PBXBuildFile; productRef = 6D0EA0102A5AC62A00933D09 /* FirebaseFirestore */; };
		6D0EA0132A5AC62A00933D09 /* FirebaseFirestoreSwift in Frameworks */ = {isa = PBXBuildFile; productRef = 6D0EA0122A5AC62A00933D09 /* FirebaseFirestoreSwift */; };
		6D0EA0172A5AD00D00933D09 /* GoogleSignIn in Frameworks */ = {isa = PBXBuildFile; productRef = 6D0EA0162A5AD00D00933D09 /* GoogleSignIn */; };
		6D0EA0192A5AD00D00933D09 /* GoogleSignInSwift in Frameworks */ = {isa = PBXBuildFile; productRef = 6D0EA0182A5AD00D00933D09 /* GoogleSignInSwift */; };
		6D0EA01B2A5B1EE000933D09 /* SettingsView.swift in Sources */ = {isa = PBXBuildFile; fileRef = 6D0EA01A2A5B1EE000933D09 /* SettingsView.swift */; };
		6D0EA0262A6064A200933D09 /* ErrorLogView.swift in Sources */ = {isa = PBXBuildFile; fileRef = 6D0EA0252A6064A200933D09 /* ErrorLogView.swift */; };
		8F27B7DA2A6041A7007C149B /* AuthenticantionManager .swift in Sources */ = {isa = PBXBuildFile; fileRef = 8F27B7D92A6041A7007C149B /* AuthenticantionManager .swift */; };
		8F3D0CDF2AB5F9C700AE2AB0 /* Placeholder.swift in Sources */ = {isa = PBXBuildFile; fileRef = 8F3D0CDE2AB5F9C700AE2AB0 /* Placeholder.swift */; };
		8F3D0CE22AB6231100AE2AB0 /* MapView.swift in Sources */ = {isa = PBXBuildFile; fileRef = 8F3D0CE12AB6231100AE2AB0 /* MapView.swift */; };
		8F3D0CE42AB624E000AE2AB0 /* LoadingView.swift in Sources */ = {isa = PBXBuildFile; fileRef = 8F3D0CE32AB624E000AE2AB0 /* LoadingView.swift */; };
		8F54A96C2AA211CB0071A96B /* Onboarding3.swift in Sources */ = {isa = PBXBuildFile; fileRef = 8F54A96B2AA211CB0071A96B /* Onboarding3.swift */; };
		8F6AC9262AA3835600F90966 /* DataManager.swift in Sources */ = {isa = PBXBuildFile; fileRef = 8F6AC9252AA3835600F90966 /* DataManager.swift */; };
		8F6AC9282AA3839400F90966 /* UserIDs.swift in Sources */ = {isa = PBXBuildFile; fileRef = 8F6AC9272AA3839400F90966 /* UserIDs.swift */; };
		8F6AC92C2AA38D4C00F90966 /* TipsView.swift in Sources */ = {isa = PBXBuildFile; fileRef = 8F6AC92B2AA38D4C00F90966 /* TipsView.swift */; };
		8F6AC9312AA6826900F90966 /* Ignis.xcdatamodeld in Sources */ = {isa = PBXBuildFile; fileRef = 8F6AC92F2AA6826900F90966 /* Ignis.xcdatamodeld */; };
		8FB8F2D32ABA6FB200509195 /* PythonKit in Frameworks */ = {isa = PBXBuildFile; productRef = 8FB8F2D22ABA6FB200509195 /* PythonKit */; };
		8FB9A6562AA0057E004A610D /* Onboarding1.swift in Sources */ = {isa = PBXBuildFile; fileRef = 8FB9A6552AA0057E004A610D /* Onboarding1.swift */; };
		8FB9A6682AA00FD7004A610D /* Inter-Regular.ttf in Resources */ = {isa = PBXBuildFile; fileRef = 8FB9A6612AA00F5D004A610D /* Inter-Regular.ttf */; };
		8FB9A6692AA011AF004A610D /* Inter-Thin.ttf in Resources */ = {isa = PBXBuildFile; fileRef = 8FB9A65F2AA00F5D004A610D /* Inter-Thin.ttf */; };
		8FB9A66B2AA02649004A610D /* Onboarding2.swift in Sources */ = {isa = PBXBuildFile; fileRef = 8FB9A66A2AA02649004A610D /* Onboarding2.swift */; };
		8FC2B2362AC8A87200D80CD6 /* package.json in Resources */ = {isa = PBXBuildFile; fileRef = 8FC2B2352AC8A87100D80CD6 /* package.json */; };
		8FC2B2382AC8A89300D80CD6 /* package-lock.json in Resources */ = {isa = PBXBuildFile; fileRef = 8FC2B2372AC8A89100D80CD6 /* package-lock.json */; };
		8FC2B23A2AC8A89900D80CD6 /* firebase.json in Resources */ = {isa = PBXBuildFile; fileRef = 8FC2B2392AC8A89800D80CD6 /* firebase.json */; };
		8FE030162AF1682800987806 /* PredictionAlgorithm .swift in Sources */ = {isa = PBXBuildFile; fileRef = 8FE030152AF1682800987806 /* PredictionAlgorithm .swift */; };
/* End PBXBuildFile section */

/* Begin PBXContainerItemProxy section */
		6D0C6F642A58810E004846AA /* PBXContainerItemProxy */ = {
			isa = PBXContainerItemProxy;
			containerPortal = 6D0C6F462A58810D004846AA /* Project object */;
			proxyType = 1;
			remoteGlobalIDString = 6D0C6F4D2A58810D004846AA;
			remoteInfo = Erra;
		};
		6D0C6F6E2A58810E004846AA /* PBXContainerItemProxy */ = {
			isa = PBXContainerItemProxy;
			containerPortal = 6D0C6F462A58810D004846AA /* Project object */;
			proxyType = 1;
			remoteGlobalIDString = 6D0C6F4D2A58810D004846AA;
			remoteInfo = Erra;
		};
/* End PBXContainerItemProxy section */

/* Begin PBXFileReference section */
		6D0C6F4E2A58810D004846AA /* Erra.app */ = {isa = PBXFileReference; explicitFileType = wrapper.application; includeInIndex = 0; path = Erra.app; sourceTree = BUILT_PRODUCTS_DIR; };
		6D0C6F512A58810D004846AA /* ErraApp.swift */ = {isa = PBXFileReference; lastKnownFileType = sourcecode.swift; path = ErraApp.swift; sourceTree = "<group>"; };
		6D0C6F532A58810D004846AA /* ContentView.swift */ = {isa = PBXFileReference; lastKnownFileType = sourcecode.swift; path = ContentView.swift; sourceTree = "<group>"; };
		6D0C6F552A58810E004846AA /* Assets.xcassets */ = {isa = PBXFileReference; lastKnownFileType = folder.assetcatalog; path = Assets.xcassets; sourceTree = "<group>"; };
		6D0C6F582A58810E004846AA /* Preview Assets.xcassets */ = {isa = PBXFileReference; lastKnownFileType = folder.assetcatalog; path = "Preview Assets.xcassets"; sourceTree = "<group>"; };
		6D0C6F5A2A58810E004846AA /* Persistence.swift */ = {isa = PBXFileReference; lastKnownFileType = sourcecode.swift; path = Persistence.swift; sourceTree = "<group>"; };
		6D0C6F632A58810E004846AA /* ErraTests.xctest */ = {isa = PBXFileReference; explicitFileType = wrapper.cfbundle; includeInIndex = 0; path = ErraTests.xctest; sourceTree = BUILT_PRODUCTS_DIR; };
		6D0C6F672A58810E004846AA /* ErraTests.swift */ = {isa = PBXFileReference; lastKnownFileType = sourcecode.swift; path = ErraTests.swift; sourceTree = "<group>"; };
		6D0C6F6D2A58810E004846AA /* ErraUITests.xctest */ = {isa = PBXFileReference; explicitFileType = wrapper.cfbundle; includeInIndex = 0; path = ErraUITests.xctest; sourceTree = BUILT_PRODUCTS_DIR; };
		6D0C6F712A58810E004846AA /* ErraUITests.swift */ = {isa = PBXFileReference; lastKnownFileType = sourcecode.swift; path = ErraUITests.swift; sourceTree = "<group>"; };
		6D0C6F732A58810E004846AA /* ErraUITestsLaunchTests.swift */ = {isa = PBXFileReference; lastKnownFileType = sourcecode.swift; path = ErraUITestsLaunchTests.swift; sourceTree = "<group>"; };
		6D0C6F842A59B401004846AA /* HomeView.swift */ = {isa = PBXFileReference; lastKnownFileType = sourcecode.swift; path = HomeView.swift; sourceTree = SOURCE_ROOT; };
		6D0C6F862A59CD8D004846AA /* LoginView.swift */ = {isa = PBXFileReference; lastKnownFileType = sourcecode.swift; name = LoginView.swift; path = Erra/Auth/LoginView.swift; sourceTree = SOURCE_ROOT; };
		6D0C6F8A2A5AC3A7004846AA /* GoogleService-Info.plist */ = {isa = PBXFileReference; fileEncoding = 4; lastKnownFileType = text.plist.xml; path = "GoogleService-Info.plist"; sourceTree = "<group>"; };
		6D0EA0142A5AC85500933D09 /* Info.plist */ = {isa = PBXFileReference; lastKnownFileType = text.plist; path = Info.plist; sourceTree = "<group>"; };
		6D0EA01A2A5B1EE000933D09 /* SettingsView.swift */ = {isa = PBXFileReference; lastKnownFileType = sourcecode.swift; path = SettingsView.swift; sourceTree = "<group>"; };
		6D0EA01C2A5B2F7700933D09 /* Erra.entitlements */ = {isa = PBXFileReference; lastKnownFileType = text.plist.entitlements; path = Erra.entitlements; sourceTree = "<group>"; };
		6D0EA0252A6064A200933D09 /* ErrorLogView.swift */ = {isa = PBXFileReference; lastKnownFileType = sourcecode.swift; path = ErrorLogView.swift; sourceTree = "<group>"; };
		8F27B7D92A6041A7007C149B /* AuthenticantionManager .swift */ = {isa = PBXFileReference; lastKnownFileType = sourcecode.swift; path = "AuthenticantionManager .swift"; sourceTree = "<group>"; };
		8F3D0CDE2AB5F9C700AE2AB0 /* Placeholder.swift */ = {isa = PBXFileReference; lastKnownFileType = sourcecode.swift; path = Placeholder.swift; sourceTree = "<group>"; };
		8F3D0CE12AB6231100AE2AB0 /* MapView.swift */ = {isa = PBXFileReference; lastKnownFileType = sourcecode.swift; path = MapView.swift; sourceTree = "<group>"; };
		8F3D0CE32AB624E000AE2AB0 /* LoadingView.swift */ = {isa = PBXFileReference; lastKnownFileType = sourcecode.swift; path = LoadingView.swift; sourceTree = "<group>"; };
		8F3D7B2B2AC2190E006601D7 /* Script.sh */ = {isa = PBXFileReference; lastKnownFileType = text.script.sh; path = Script.sh; sourceTree = "<group>"; };
		8F54A96B2AA211CB0071A96B /* Onboarding3.swift */ = {isa = PBXFileReference; lastKnownFileType = sourcecode.swift; path = Onboarding3.swift; sourceTree = "<group>"; };
		8F6AC9252AA3835600F90966 /* DataManager.swift */ = {isa = PBXFileReference; lastKnownFileType = sourcecode.swift; path = DataManager.swift; sourceTree = "<group>"; };
		8F6AC9272AA3839400F90966 /* UserIDs.swift */ = {isa = PBXFileReference; lastKnownFileType = sourcecode.swift; path = UserIDs.swift; sourceTree = "<group>"; };
		8F6AC92B2AA38D4C00F90966 /* TipsView.swift */ = {isa = PBXFileReference; lastKnownFileType = sourcecode.swift; path = TipsView.swift; sourceTree = "<group>"; };
		8F6AC9302AA6826900F90966 /* Ignis.xcdatamodel */ = {isa = PBXFileReference; lastKnownFileType = wrapper.xcdatamodel; path = Ignis.xcdatamodel; sourceTree = "<group>"; };
		8FB9A6552AA0057E004A610D /* Onboarding1.swift */ = {isa = PBXFileReference; lastKnownFileType = sourcecode.swift; path = Onboarding1.swift; sourceTree = "<group>"; };
		8FB9A65B2AA00F5D004A610D /* Inter-VariableFont_slnt,wght.ttf */ = {isa = PBXFileReference; lastKnownFileType = file; path = "Inter-VariableFont_slnt,wght.ttf"; sourceTree = "<group>"; };
		8FB9A65D2AA00F5D004A610D /* Inter-Medium.ttf */ = {isa = PBXFileReference; lastKnownFileType = file; path = "Inter-Medium.ttf"; sourceTree = "<group>"; };
		8FB9A65E2AA00F5D004A610D /* Inter-Light.ttf */ = {isa = PBXFileReference; lastKnownFileType = file; path = "Inter-Light.ttf"; sourceTree = "<group>"; };
		8FB9A65F2AA00F5D004A610D /* Inter-Thin.ttf */ = {isa = PBXFileReference; lastKnownFileType = file; name = "Inter-Thin.ttf"; path = "Erra/Inter/static/Inter-Thin.ttf"; sourceTree = SOURCE_ROOT; };
		8FB9A6602AA00F5D004A610D /* Inter-Bold.ttf */ = {isa = PBXFileReference; lastKnownFileType = file; path = "Inter-Bold.ttf"; sourceTree = "<group>"; };
		8FB9A6612AA00F5D004A610D /* Inter-Regular.ttf */ = {isa = PBXFileReference; lastKnownFileType = file; name = "Inter-Regular.ttf"; path = "Erra/Inter/static/Inter-Regular.ttf"; sourceTree = SOURCE_ROOT; };
		8FB9A6622AA00F5D004A610D /* Inter-ExtraBold.ttf */ = {isa = PBXFileReference; lastKnownFileType = file; path = "Inter-ExtraBold.ttf"; sourceTree = "<group>"; };
		8FB9A6632AA00F5D004A610D /* Inter-ExtraLight.ttf */ = {isa = PBXFileReference; lastKnownFileType = file; path = "Inter-ExtraLight.ttf"; sourceTree = "<group>"; };
		8FB9A6642AA00F5D004A610D /* Inter-Black.ttf */ = {isa = PBXFileReference; lastKnownFileType = file; path = "Inter-Black.ttf"; sourceTree = "<group>"; };
		8FB9A6652AA00F5D004A610D /* Inter-SemiBold.ttf */ = {isa = PBXFileReference; lastKnownFileType = file; path = "Inter-SemiBold.ttf"; sourceTree = "<group>"; };
		8FB9A6662AA00F5D004A610D /* OFL.txt */ = {isa = PBXFileReference; lastKnownFileType = text; path = OFL.txt; sourceTree = "<group>"; };
		8FB9A6672AA00F5D004A610D /* README.txt */ = {isa = PBXFileReference; lastKnownFileType = text; path = README.txt; sourceTree = "<group>"; };
		8FB9A66A2AA02649004A610D /* Onboarding2.swift */ = {isa = PBXFileReference; lastKnownFileType = sourcecode.swift; path = Onboarding2.swift; sourceTree = "<group>"; };
		8FC2B2332AC8A84900D80CD6 /* functions */ = {isa = PBXFileReference; lastKnownFileType = folder; path = functions; sourceTree = "<group>"; };
		8FC2B2352AC8A87100D80CD6 /* package.json */ = {isa = PBXFileReference; fileEncoding = 4; lastKnownFileType = text.json; path = package.json; sourceTree = "<group>"; };
		8FC2B2372AC8A89100D80CD6 /* package-lock.json */ = {isa = PBXFileReference; fileEncoding = 4; lastKnownFileType = text.json; path = "package-lock.json"; sourceTree = "<group>"; };
		8FC2B2392AC8A89800D80CD6 /* firebase.json */ = {isa = PBXFileReference; fileEncoding = 4; lastKnownFileType = text.json; path = firebase.json; sourceTree = "<group>"; };
		8FE030152AF1682800987806 /* PredictionAlgorithm .swift */ = {isa = PBXFileReference; lastKnownFileType = sourcecode.swift; path = "PredictionAlgorithm .swift"; sourceTree = "<group>"; };
/* End PBXFileReference section */

/* Begin PBXFrameworksBuildPhase section */
		6D0C6F4B2A58810D004846AA /* Frameworks */ = {
			isa = PBXFrameworksBuildPhase;
			buildActionMask = 2147483647;
			files = (
				6D0EA0192A5AD00D00933D09 /* GoogleSignInSwift in Frameworks */,
				6D0EA00F2A5AC62A00933D09 /* FirebaseDatabaseSwift in Frameworks */,
				6D0EA0172A5AD00D00933D09 /* GoogleSignIn in Frameworks */,
				6D0EA0092A5AC62A00933D09 /* FirebaseAnalyticsSwift in Frameworks */,
				6D0EA00B2A5AC62A00933D09 /* FirebaseAuth in Frameworks */,
				6D0EA0132A5AC62A00933D09 /* FirebaseFirestoreSwift in Frameworks */,
				6D0EA00D2A5AC62A00933D09 /* FirebaseDatabase in Frameworks */,
				6D0EA0072A5AC62A00933D09 /* FirebaseAnalytics in Frameworks */,
				6D0EA0112A5AC62A00933D09 /* FirebaseFirestore in Frameworks */,
				8FB8F2D32ABA6FB200509195 /* PythonKit in Frameworks */,
			);
			runOnlyForDeploymentPostprocessing = 0;
		};
		6D0C6F602A58810E004846AA /* Frameworks */ = {
			isa = PBXFrameworksBuildPhase;
			buildActionMask = 2147483647;
			files = (
			);
			runOnlyForDeploymentPostprocessing = 0;
		};
		6D0C6F6A2A58810E004846AA /* Frameworks */ = {
			isa = PBXFrameworksBuildPhase;
			buildActionMask = 2147483647;
			files = (
			);
			runOnlyForDeploymentPostprocessing = 0;
		};
/* End PBXFrameworksBuildPhase section */

/* Begin PBXGroup section */
		6D0C6F452A58810D004846AA = {
			isa = PBXGroup;
			children = (
				8FC2B2372AC8A89100D80CD6 /* package-lock.json */,
				8FC2B2392AC8A89800D80CD6 /* firebase.json */,
				8FC2B2352AC8A87100D80CD6 /* package.json */,
				8FC2B2332AC8A84900D80CD6 /* functions */,
				8F3D7B2B2AC2190E006601D7 /* Script.sh */,
				6D0C6F502A58810D004846AA /* Erra */,
				6D0C6F662A58810E004846AA /* ErraTests */,
				6D0C6F702A58810E004846AA /* ErraUITests */,
				6D0C6F4F2A58810D004846AA /* Products */,
			);
			sourceTree = "<group>";
		};
		6D0C6F4F2A58810D004846AA /* Products */ = {
			isa = PBXGroup;
			children = (
				6D0C6F4E2A58810D004846AA /* Erra.app */,
				6D0C6F632A58810E004846AA /* ErraTests.xctest */,
				6D0C6F6D2A58810E004846AA /* ErraUITests.xctest */,
			);
			name = Products;
			sourceTree = "<group>";
		};
		6D0C6F502A58810D004846AA /* Erra */ = {
			isa = PBXGroup;
			children = (
				8FB9A65A2AA00F5D004A610D /* Inter */,
				6D0EA01C2A5B2F7700933D09 /* Erra.entitlements */,
				6D0EA0142A5AC85500933D09 /* Info.plist */,
				6D0C6F8A2A5AC3A7004846AA /* GoogleService-Info.plist */,
				6D0C6F512A58810D004846AA /* ErraApp.swift */,
				8F27B7D82A603383007C149B /* Auth */,
				6D0C6F822A59B3A4004846AA /* Views */,
				6D0C6F552A58810E004846AA /* Assets.xcassets */,
				6D0C6F5A2A58810E004846AA /* Persistence.swift */,
				6D0C6F572A58810E004846AA /* Preview Content */,
				8F6AC92F2AA6826900F90966 /* Ignis.xcdatamodeld */,
			);
			path = Erra;
			sourceTree = "<group>";
		};
		6D0C6F572A58810E004846AA /* Preview Content */ = {
			isa = PBXGroup;
			children = (
				6D0C6F582A58810E004846AA /* Preview Assets.xcassets */,
			);
			path = "Preview Content";
			sourceTree = "<group>";
		};
		6D0C6F662A58810E004846AA /* ErraTests */ = {
			isa = PBXGroup;
			children = (
				6D0C6F672A58810E004846AA /* ErraTests.swift */,
			);
			path = ErraTests;
			sourceTree = "<group>";
		};
		6D0C6F702A58810E004846AA /* ErraUITests */ = {
			isa = PBXGroup;
			children = (
				6D0C6F712A58810E004846AA /* ErraUITests.swift */,
				6D0C6F732A58810E004846AA /* ErraUITestsLaunchTests.swift */,
			);
			path = ErraUITests;
			sourceTree = "<group>";
		};
		6D0C6F822A59B3A4004846AA /* Views */ = {
			isa = PBXGroup;
			children = (
				8F3D0CE02AB622FB00AE2AB0 /* Components  */,
				8F54A96B2AA211CB0071A96B /* Onboarding3.swift */,
				6D0C6F842A59B401004846AA /* HomeView.swift */,
				6D0EA0252A6064A200933D09 /* ErrorLogView.swift */,
				6D0EA01A2A5B1EE000933D09 /* SettingsView.swift */,
				8FB9A6552AA0057E004A610D /* Onboarding1.swift */,
				8FB9A66A2AA02649004A610D /* Onboarding2.swift */,
				8F6AC92B2AA38D4C00F90966 /* TipsView.swift */,
				8F3D0CDE2AB5F9C700AE2AB0 /* Placeholder.swift */,
				8F3D0CE32AB624E000AE2AB0 /* LoadingView.swift */,
				6D0C6F532A58810D004846AA /* ContentView.swift */,
			);
			path = Views;
			sourceTree = "<group>";
		};
		8F27B7D82A603383007C149B /* Auth */ = {
			isa = PBXGroup;
			children = (
				8F6AC9252AA3835600F90966 /* DataManager.swift */,
				8F6AC9272AA3839400F90966 /* UserIDs.swift */,
				6D0C6F862A59CD8D004846AA /* LoginView.swift */,
				8F27B7D92A6041A7007C149B /* AuthenticantionManager .swift */,
			);
			path = Auth;
			sourceTree = "<group>";
		};
		8F3D0CE02AB622FB00AE2AB0 /* Components  */ = {
			isa = PBXGroup;
			children = (
				8F3D0CE12AB6231100AE2AB0 /* MapView.swift */,
				8FE030152AF1682800987806 /* PredictionAlgorithm .swift */,
			);
			path = "Components ";
			sourceTree = "<group>";
		};
		8FB9A65A2AA00F5D004A610D /* Inter */ = {
			isa = PBXGroup;
			children = (
				8FB9A65B2AA00F5D004A610D /* Inter-VariableFont_slnt,wght.ttf */,
				8FB9A65C2AA00F5D004A610D /* static */,
				8FB9A6662AA00F5D004A610D /* OFL.txt */,
				8FB9A6672AA00F5D004A610D /* README.txt */,
			);
			path = Inter;
			sourceTree = "<group>";
		};
		8FB9A65C2AA00F5D004A610D /* static */ = {
			isa = PBXGroup;
			children = (
				8FB9A65D2AA00F5D004A610D /* Inter-Medium.ttf */,
				8FB9A65E2AA00F5D004A610D /* Inter-Light.ttf */,
				8FB9A65F2AA00F5D004A610D /* Inter-Thin.ttf */,
				8FB9A6602AA00F5D004A610D /* Inter-Bold.ttf */,
				8FB9A6612AA00F5D004A610D /* Inter-Regular.ttf */,
				8FB9A6622AA00F5D004A610D /* Inter-ExtraBold.ttf */,
				8FB9A6632AA00F5D004A610D /* Inter-ExtraLight.ttf */,
				8FB9A6642AA00F5D004A610D /* Inter-Black.ttf */,
				8FB9A6652AA00F5D004A610D /* Inter-SemiBold.ttf */,
			);
			path = static;
			sourceTree = "<group>";
		};
/* End PBXGroup section */

/* Begin PBXNativeTarget section */
		6D0C6F4D2A58810D004846AA /* Erra */ = {
			isa = PBXNativeTarget;
			buildConfigurationList = 6D0C6F772A58810E004846AA /* Build configuration list for PBXNativeTarget "Erra" */;
			buildPhases = (
				6D0C6F4A2A58810D004846AA /* Sources */,
				6D0C6F4B2A58810D004846AA /* Frameworks */,
				6D0C6F4C2A58810D004846AA /* Resources */,
			);
			buildRules = (
			);
			dependencies = (
			);
			name = Erra;
			packageProductDependencies = (
				6D0EA0062A5AC62A00933D09 /* FirebaseAnalytics */,
				6D0EA0082A5AC62A00933D09 /* FirebaseAnalyticsSwift */,
				6D0EA00A2A5AC62A00933D09 /* FirebaseAuth */,
				6D0EA00C2A5AC62A00933D09 /* FirebaseDatabase */,
				6D0EA00E2A5AC62A00933D09 /* FirebaseDatabaseSwift */,
				6D0EA0102A5AC62A00933D09 /* FirebaseFirestore */,
				6D0EA0122A5AC62A00933D09 /* FirebaseFirestoreSwift */,
				6D0EA0162A5AD00D00933D09 /* GoogleSignIn */,
				6D0EA0182A5AD00D00933D09 /* GoogleSignInSwift */,
				8FB8F2D22ABA6FB200509195 /* PythonKit */,
			);
			productName = Erra;
			productReference = 6D0C6F4E2A58810D004846AA /* Erra.app */;
			productType = "com.apple.product-type.application";
		};
		6D0C6F622A58810E004846AA /* ErraTests */ = {
			isa = PBXNativeTarget;
			buildConfigurationList = 6D0C6F7A2A58810E004846AA /* Build configuration list for PBXNativeTarget "ErraTests" */;
			buildPhases = (
				6D0C6F5F2A58810E004846AA /* Sources */,
				6D0C6F602A58810E004846AA /* Frameworks */,
				6D0C6F612A58810E004846AA /* Resources */,
			);
			buildRules = (
			);
			dependencies = (
				6D0C6F652A58810E004846AA /* PBXTargetDependency */,
			);
			name = ErraTests;
			productName = ErraTests;
			productReference = 6D0C6F632A58810E004846AA /* ErraTests.xctest */;
			productType = "com.apple.product-type.bundle.unit-test";
		};
		6D0C6F6C2A58810E004846AA /* ErraUITests */ = {
			isa = PBXNativeTarget;
			buildConfigurationList = 6D0C6F7D2A58810E004846AA /* Build configuration list for PBXNativeTarget "ErraUITests" */;
			buildPhases = (
				6D0C6F692A58810E004846AA /* Sources */,
				6D0C6F6A2A58810E004846AA /* Frameworks */,
				6D0C6F6B2A58810E004846AA /* Resources */,
			);
			buildRules = (
			);
			dependencies = (
				6D0C6F6F2A58810E004846AA /* PBXTargetDependency */,
			);
			name = ErraUITests;
			productName = ErraUITests;
			productReference = 6D0C6F6D2A58810E004846AA /* ErraUITests.xctest */;
			productType = "com.apple.product-type.bundle.ui-testing";
		};
/* End PBXNativeTarget section */

/* Begin PBXProject section */
		6D0C6F462A58810D004846AA /* Project object */ = {
			isa = PBXProject;
			attributes = {
				BuildIndependentTargetsInParallel = 1;
				LastSwiftUpdateCheck = 1430;
				LastUpgradeCheck = 1430;
				TargetAttributes = {
					6D0C6F4D2A58810D004846AA = {
						CreatedOnToolsVersion = 14.3.1;
					};
					6D0C6F622A58810E004846AA = {
						CreatedOnToolsVersion = 14.3.1;
						TestTargetID = 6D0C6F4D2A58810D004846AA;
					};
					6D0C6F6C2A58810E004846AA = {
						CreatedOnToolsVersion = 14.3.1;
						TestTargetID = 6D0C6F4D2A58810D004846AA;
					};
				};
			};
			buildConfigurationList = 6D0C6F492A58810D004846AA /* Build configuration list for PBXProject "Erra" */;
			compatibilityVersion = "Xcode 14.0";
			developmentRegion = en;
			hasScannedForEncodings = 0;
			knownRegions = (
				en,
				Base,
			);
			mainGroup = 6D0C6F452A58810D004846AA;
			packageReferences = (
				6D0EA0052A5AC62A00933D09 /* XCRemoteSwiftPackageReference "firebase-ios-sdk" */,
				6D0EA0152A5AD00D00933D09 /* XCRemoteSwiftPackageReference "GoogleSignIn-iOS" */,
				8FB8F2D12ABA6FB200509195 /* XCRemoteSwiftPackageReference "PythonKit" */,
			);
			productRefGroup = 6D0C6F4F2A58810D004846AA /* Products */;
			projectDirPath = "";
			projectRoot = "";
			targets = (
				6D0C6F4D2A58810D004846AA /* Erra */,
				6D0C6F622A58810E004846AA /* ErraTests */,
				6D0C6F6C2A58810E004846AA /* ErraUITests */,
			);
		};
/* End PBXProject section */

/* Begin PBXResourcesBuildPhase section */
		6D0C6F4C2A58810D004846AA /* Resources */ = {
			isa = PBXResourcesBuildPhase;
			buildActionMask = 2147483647;
			files = (
				6D0C6F592A58810E004846AA /* Preview Assets.xcassets in Resources */,
				6D0C6F562A58810E004846AA /* Assets.xcassets in Resources */,
				8FC2B2382AC8A89300D80CD6 /* package-lock.json in Resources */,
				8FB9A6682AA00FD7004A610D /* Inter-Regular.ttf in Resources */,
				8FB9A6692AA011AF004A610D /* Inter-Thin.ttf in Resources */,
				8FC2B2362AC8A87200D80CD6 /* package.json in Resources */,
				6D0C6F8B2A5AC3A7004846AA /* GoogleService-Info.plist in Resources */,
				8FC2B23A2AC8A89900D80CD6 /* firebase.json in Resources */,
			);
			runOnlyForDeploymentPostprocessing = 0;
		};
		6D0C6F612A58810E004846AA /* Resources */ = {
			isa = PBXResourcesBuildPhase;
			buildActionMask = 2147483647;
			files = (
				6D0C6F8C2A5AC3A7004846AA /* GoogleService-Info.plist in Resources */,
			);
			runOnlyForDeploymentPostprocessing = 0;
		};
		6D0C6F6B2A58810E004846AA /* Resources */ = {
			isa = PBXResourcesBuildPhase;
			buildActionMask = 2147483647;
			files = (
				6D0C6F8D2A5AC3A7004846AA /* GoogleService-Info.plist in Resources */,
			);
			runOnlyForDeploymentPostprocessing = 0;
		};
/* End PBXResourcesBuildPhase section */

/* Begin PBXSourcesBuildPhase section */
		6D0C6F4A2A58810D004846AA /* Sources */ = {
			isa = PBXSourcesBuildPhase;
			buildActionMask = 2147483647;
			files = (
				8F6AC92C2AA38D4C00F90966 /* TipsView.swift in Sources */,
				6D0EA01B2A5B1EE000933D09 /* SettingsView.swift in Sources */,
				8FB9A6562AA0057E004A610D /* Onboarding1.swift in Sources */,
				8F6AC9282AA3839400F90966 /* UserIDs.swift in Sources */,
				8F6AC9312AA6826900F90966 /* Ignis.xcdatamodeld in Sources */,
				8F27B7DA2A6041A7007C149B /* AuthenticantionManager .swift in Sources */,
				8F6AC9262AA3835600F90966 /* DataManager.swift in Sources */,
				8F3D0CE22AB6231100AE2AB0 /* MapView.swift in Sources */,
				6D0C6F872A59CD8D004846AA /* LoginView.swift in Sources */,
				8F54A96C2AA211CB0071A96B /* Onboarding3.swift in Sources */,
				6D0C6F5B2A58810E004846AA /* Persistence.swift in Sources */,
				6D0C6F542A58810D004846AA /* ContentView.swift in Sources */,
				6D0C6F522A58810D004846AA /* ErraApp.swift in Sources */,
				6D0C6F852A59B401004846AA /* HomeView.swift in Sources */,
				8FB9A66B2AA02649004A610D /* Onboarding2.swift in Sources */,
				6D0EA0262A6064A200933D09 /* ErrorLogView.swift in Sources */,
				8FE030162AF1682800987806 /* PredictionAlgorithm .swift in Sources */,
				8F3D0CE42AB624E000AE2AB0 /* LoadingView.swift in Sources */,
				8F3D0CDF2AB5F9C700AE2AB0 /* Placeholder.swift in Sources */,
			);
			runOnlyForDeploymentPostprocessing = 0;
		};
		6D0C6F5F2A58810E004846AA /* Sources */ = {
			isa = PBXSourcesBuildPhase;
			buildActionMask = 2147483647;
			files = (
				6D0C6F682A58810E004846AA /* ErraTests.swift in Sources */,
			);
			runOnlyForDeploymentPostprocessing = 0;
		};
		6D0C6F692A58810E004846AA /* Sources */ = {
			isa = PBXSourcesBuildPhase;
			buildActionMask = 2147483647;
			files = (
				6D0C6F742A58810E004846AA /* ErraUITestsLaunchTests.swift in Sources */,
				6D0C6F722A58810E004846AA /* ErraUITests.swift in Sources */,
			);
			runOnlyForDeploymentPostprocessing = 0;
		};
/* End PBXSourcesBuildPhase section */

/* Begin PBXTargetDependency section */
		6D0C6F652A58810E004846AA /* PBXTargetDependency */ = {
			isa = PBXTargetDependency;
			target = 6D0C6F4D2A58810D004846AA /* Erra */;
			targetProxy = 6D0C6F642A58810E004846AA /* PBXContainerItemProxy */;
		};
		6D0C6F6F2A58810E004846AA /* PBXTargetDependency */ = {
			isa = PBXTargetDependency;
			target = 6D0C6F4D2A58810D004846AA /* Erra */;
			targetProxy = 6D0C6F6E2A58810E004846AA /* PBXContainerItemProxy */;
		};
/* End PBXTargetDependency section */

/* Begin XCBuildConfiguration section */
		6D0C6F752A58810E004846AA /* Debug */ = {
			isa = XCBuildConfiguration;
			buildSettings = {
				ALWAYS_SEARCH_USER_PATHS = NO;
				CLANG_ANALYZER_NONNULL = YES;
				CLANG_ANALYZER_NUMBER_OBJECT_CONVERSION = YES_AGGRESSIVE;
				CLANG_CXX_LANGUAGE_STANDARD = "gnu++20";
				CLANG_ENABLE_MODULES = YES;
				CLANG_ENABLE_OBJC_ARC = YES;
				CLANG_ENABLE_OBJC_WEAK = YES;
				CLANG_WARN_BLOCK_CAPTURE_AUTORELEASING = YES;
				CLANG_WARN_BOOL_CONVERSION = YES;
				CLANG_WARN_COMMA = YES;
				CLANG_WARN_CONSTANT_CONVERSION = YES;
				CLANG_WARN_DEPRECATED_OBJC_IMPLEMENTATIONS = YES;
				CLANG_WARN_DIRECT_OBJC_ISA_USAGE = YES_ERROR;
				CLANG_WARN_DOCUMENTATION_COMMENTS = YES;
				CLANG_WARN_EMPTY_BODY = YES;
				CLANG_WARN_ENUM_CONVERSION = YES;
				CLANG_WARN_INFINITE_RECURSION = YES;
				CLANG_WARN_INT_CONVERSION = YES;
				CLANG_WARN_NON_LITERAL_NULL_CONVERSION = YES;
				CLANG_WARN_OBJC_IMPLICIT_RETAIN_SELF = YES;
				CLANG_WARN_OBJC_LITERAL_CONVERSION = YES;
				CLANG_WARN_OBJC_ROOT_CLASS = YES_ERROR;
				CLANG_WARN_QUOTED_INCLUDE_IN_FRAMEWORK_HEADER = YES;
				CLANG_WARN_RANGE_LOOP_ANALYSIS = YES;
				CLANG_WARN_STRICT_PROTOTYPES = YES;
				CLANG_WARN_SUSPICIOUS_MOVE = YES;
				CLANG_WARN_UNGUARDED_AVAILABILITY = YES_AGGRESSIVE;
				CLANG_WARN_UNREACHABLE_CODE = YES;
				CLANG_WARN__DUPLICATE_METHOD_MATCH = YES;
				COPY_PHASE_STRIP = NO;
				DEBUG_INFORMATION_FORMAT = dwarf;
				ENABLE_STRICT_OBJC_MSGSEND = YES;
				ENABLE_TESTABILITY = YES;
				GCC_C_LANGUAGE_STANDARD = gnu11;
				GCC_DYNAMIC_NO_PIC = NO;
				GCC_NO_COMMON_BLOCKS = YES;
				GCC_OPTIMIZATION_LEVEL = 0;
				GCC_PREPROCESSOR_DEFINITIONS = (
					"DEBUG=1",
					"$(inherited)",
				);
				GCC_WARN_64_TO_32_BIT_CONVERSION = YES;
				GCC_WARN_ABOUT_RETURN_TYPE = YES_ERROR;
				GCC_WARN_UNDECLARED_SELECTOR = YES;
				GCC_WARN_UNINITIALIZED_AUTOS = YES_AGGRESSIVE;
				GCC_WARN_UNUSED_FUNCTION = YES;
				GCC_WARN_UNUSED_VARIABLE = YES;
				IPHONEOS_DEPLOYMENT_TARGET = 16.4;
				MTL_ENABLE_DEBUG_INFO = INCLUDE_SOURCE;
				MTL_FAST_MATH = YES;
				ONLY_ACTIVE_ARCH = YES;
				SDKROOT = iphoneos;
				SWIFT_ACTIVE_COMPILATION_CONDITIONS = DEBUG;
				SWIFT_OPTIMIZATION_LEVEL = "-Onone";
			};
			name = Debug;
		};
		6D0C6F762A58810E004846AA /* Release */ = {
			isa = XCBuildConfiguration;
			buildSettings = {
				ALWAYS_SEARCH_USER_PATHS = NO;
				CLANG_ANALYZER_NONNULL = YES;
				CLANG_ANALYZER_NUMBER_OBJECT_CONVERSION = YES_AGGRESSIVE;
				CLANG_CXX_LANGUAGE_STANDARD = "gnu++20";
				CLANG_ENABLE_MODULES = YES;
				CLANG_ENABLE_OBJC_ARC = YES;
				CLANG_ENABLE_OBJC_WEAK = YES;
				CLANG_WARN_BLOCK_CAPTURE_AUTORELEASING = YES;
				CLANG_WARN_BOOL_CONVERSION = YES;
				CLANG_WARN_COMMA = YES;
				CLANG_WARN_CONSTANT_CONVERSION = YES;
				CLANG_WARN_DEPRECATED_OBJC_IMPLEMENTATIONS = YES;
				CLANG_WARN_DIRECT_OBJC_ISA_USAGE = YES_ERROR;
				CLANG_WARN_DOCUMENTATION_COMMENTS = YES;
				CLANG_WARN_EMPTY_BODY = YES;
				CLANG_WARN_ENUM_CONVERSION = YES;
				CLANG_WARN_INFINITE_RECURSION = YES;
				CLANG_WARN_INT_CONVERSION = YES;
				CLANG_WARN_NON_LITERAL_NULL_CONVERSION = YES;
				CLANG_WARN_OBJC_IMPLICIT_RETAIN_SELF = YES;
				CLANG_WARN_OBJC_LITERAL_CONVERSION = YES;
				CLANG_WARN_OBJC_ROOT_CLASS = YES_ERROR;
				CLANG_WARN_QUOTED_INCLUDE_IN_FRAMEWORK_HEADER = YES;
				CLANG_WARN_RANGE_LOOP_ANALYSIS = YES;
				CLANG_WARN_STRICT_PROTOTYPES = YES;
				CLANG_WARN_SUSPICIOUS_MOVE = YES;
				CLANG_WARN_UNGUARDED_AVAILABILITY = YES_AGGRESSIVE;
				CLANG_WARN_UNREACHABLE_CODE = YES;
				CLANG_WARN__DUPLICATE_METHOD_MATCH = YES;
				COPY_PHASE_STRIP = NO;
				DEBUG_INFORMATION_FORMAT = "dwarf-with-dsym";
				ENABLE_NS_ASSERTIONS = NO;
				ENABLE_STRICT_OBJC_MSGSEND = YES;
				GCC_C_LANGUAGE_STANDARD = gnu11;
				GCC_NO_COMMON_BLOCKS = YES;
				GCC_WARN_64_TO_32_BIT_CONVERSION = YES;
				GCC_WARN_ABOUT_RETURN_TYPE = YES_ERROR;
				GCC_WARN_UNDECLARED_SELECTOR = YES;
				GCC_WARN_UNINITIALIZED_AUTOS = YES_AGGRESSIVE;
				GCC_WARN_UNUSED_FUNCTION = YES;
				GCC_WARN_UNUSED_VARIABLE = YES;
				IPHONEOS_DEPLOYMENT_TARGET = 16.4;
				MTL_ENABLE_DEBUG_INFO = NO;
				MTL_FAST_MATH = YES;
				SDKROOT = iphoneos;
				SWIFT_COMPILATION_MODE = wholemodule;
				SWIFT_OPTIMIZATION_LEVEL = "-O";
				VALIDATE_PRODUCT = YES;
			};
			name = Release;
		};
		6D0C6F782A58810E004846AA /* Debug */ = {
			isa = XCBuildConfiguration;
			buildSettings = {
				ASSETCATALOG_COMPILER_APPICON_NAME = AppIcon;
				ASSETCATALOG_COMPILER_GLOBAL_ACCENT_COLOR_NAME = AccentColor;
				CODE_SIGN_ENTITLEMENTS = Erra/Erra.entitlements;
				CODE_SIGN_STYLE = Automatic;
				CURRENT_PROJECT_VERSION = 1;
				DEVELOPMENT_ASSET_PATHS = "\"Erra/Preview Content\"";
				DEVELOPMENT_TEAM = D2J33D654B;
				ENABLE_PREVIEWS = YES;
				GENERATE_INFOPLIST_FILE = YES;
				INFOPLIST_FILE = Erra/Info.plist;
				INFOPLIST_KEY_UIApplicationSceneManifest_Generation = YES;
				INFOPLIST_KEY_UIApplicationSupportsIndirectInputEvents = YES;
				INFOPLIST_KEY_UILaunchScreen_Generation = YES;
				INFOPLIST_KEY_UILaunchStoryboardName = LoadingView;
				INFOPLIST_KEY_UISupportedInterfaceOrientations_iPad = "UIInterfaceOrientationPortrait UIInterfaceOrientationPortraitUpsideDown UIInterfaceOrientationLandscapeLeft UIInterfaceOrientationLandscapeRight";
				INFOPLIST_KEY_UISupportedInterfaceOrientations_iPhone = "UIInterfaceOrientationPortrait UIInterfaceOrientationLandscapeLeft UIInterfaceOrientationLandscapeRight";
				LD_RUNPATH_SEARCH_PATHS = (
					"$(inherited)",
					"@executable_path/Frameworks",
				);
				MARKETING_VERSION = 1.0;
				PRODUCT_BUNDLE_IDENTIFIER = co.thelifestudio.Erra;
				PRODUCT_NAME = "$(TARGET_NAME)";
				SWIFT_EMIT_LOC_STRINGS = YES;
				SWIFT_VERSION = 5.0;
				TARGETED_DEVICE_FAMILY = "1,2";
			};
			name = Debug;
		};
		6D0C6F792A58810E004846AA /* Release */ = {
			isa = XCBuildConfiguration;
			buildSettings = {
				ASSETCATALOG_COMPILER_APPICON_NAME = AppIcon;
				ASSETCATALOG_COMPILER_GLOBAL_ACCENT_COLOR_NAME = AccentColor;
				CODE_SIGN_ENTITLEMENTS = Erra/Erra.entitlements;
				CODE_SIGN_STYLE = Automatic;
				CURRENT_PROJECT_VERSION = 1;
				DEVELOPMENT_ASSET_PATHS = "\"Erra/Preview Content\"";
				DEVELOPMENT_TEAM = D2J33D654B;
				ENABLE_PREVIEWS = YES;
				GENERATE_INFOPLIST_FILE = YES;
				INFOPLIST_FILE = Erra/Info.plist;
				INFOPLIST_KEY_UIApplicationSceneManifest_Generation = YES;
				INFOPLIST_KEY_UIApplicationSupportsIndirectInputEvents = YES;
				INFOPLIST_KEY_UILaunchScreen_Generation = YES;
				INFOPLIST_KEY_UILaunchStoryboardName = LoadingView;
				INFOPLIST_KEY_UISupportedInterfaceOrientations_iPad = "UIInterfaceOrientationPortrait UIInterfaceOrientationPortraitUpsideDown UIInterfaceOrientationLandscapeLeft UIInterfaceOrientationLandscapeRight";
				INFOPLIST_KEY_UISupportedInterfaceOrientations_iPhone = "UIInterfaceOrientationPortrait UIInterfaceOrientationLandscapeLeft UIInterfaceOrientationLandscapeRight";
				LD_RUNPATH_SEARCH_PATHS = (
					"$(inherited)",
					"@executable_path/Frameworks",
				);
				MARKETING_VERSION = 1.0;
				PRODUCT_BUNDLE_IDENTIFIER = co.thelifestudio.Erra;
				PRODUCT_NAME = "$(TARGET_NAME)";
				SWIFT_EMIT_LOC_STRINGS = YES;
				SWIFT_VERSION = 5.0;
				TARGETED_DEVICE_FAMILY = "1,2";
			};
			name = Release;
		};
		6D0C6F7B2A58810E004846AA /* Debug */ = {
			isa = XCBuildConfiguration;
			buildSettings = {
				ALWAYS_EMBED_SWIFT_STANDARD_LIBRARIES = YES;
				BUNDLE_LOADER = "$(TEST_HOST)";
				CODE_SIGN_STYLE = Automatic;
				CURRENT_PROJECT_VERSION = 1;
				GENERATE_INFOPLIST_FILE = YES;
				IPHONEOS_DEPLOYMENT_TARGET = 16.4;
				MARKETING_VERSION = 1.0;
				PRODUCT_BUNDLE_IDENTIFIER = co.thelifestudio.ErraTests;
				PRODUCT_NAME = "$(TARGET_NAME)";
				SWIFT_EMIT_LOC_STRINGS = NO;
				SWIFT_VERSION = 5.0;
				TARGETED_DEVICE_FAMILY = "1,2";
				TEST_HOST = "$(BUILT_PRODUCTS_DIR)/Erra.app/$(BUNDLE_EXECUTABLE_FOLDER_PATH)/Erra";
			};
			name = Debug;
		};
		6D0C6F7C2A58810E004846AA /* Release */ = {
			isa = XCBuildConfiguration;
			buildSettings = {
				ALWAYS_EMBED_SWIFT_STANDARD_LIBRARIES = YES;
				BUNDLE_LOADER = "$(TEST_HOST)";
				CODE_SIGN_STYLE = Automatic;
				CURRENT_PROJECT_VERSION = 1;
				GENERATE_INFOPLIST_FILE = YES;
				IPHONEOS_DEPLOYMENT_TARGET = 16.4;
				MARKETING_VERSION = 1.0;
				PRODUCT_BUNDLE_IDENTIFIER = co.thelifestudio.ErraTests;
				PRODUCT_NAME = "$(TARGET_NAME)";
				SWIFT_EMIT_LOC_STRINGS = NO;
				SWIFT_VERSION = 5.0;
				TARGETED_DEVICE_FAMILY = "1,2";
				TEST_HOST = "$(BUILT_PRODUCTS_DIR)/Erra.app/$(BUNDLE_EXECUTABLE_FOLDER_PATH)/Erra";
			};
			name = Release;
		};
		6D0C6F7E2A58810E004846AA /* Debug */ = {
			isa = XCBuildConfiguration;
			buildSettings = {
				ALWAYS_EMBED_SWIFT_STANDARD_LIBRARIES = YES;
				CODE_SIGN_STYLE = Automatic;
				CURRENT_PROJECT_VERSION = 1;
				GENERATE_INFOPLIST_FILE = YES;
				MARKETING_VERSION = 1.0;
				PRODUCT_BUNDLE_IDENTIFIER = co.thelifestudio.ErraUITests;
				PRODUCT_NAME = "$(TARGET_NAME)";
				SWIFT_EMIT_LOC_STRINGS = NO;
				SWIFT_VERSION = 5.0;
				TARGETED_DEVICE_FAMILY = "1,2";
				TEST_TARGET_NAME = Erra;
			};
			name = Debug;
		};
		6D0C6F7F2A58810E004846AA /* Release */ = {
			isa = XCBuildConfiguration;
			buildSettings = {
				ALWAYS_EMBED_SWIFT_STANDARD_LIBRARIES = YES;
				CODE_SIGN_STYLE = Automatic;
				CURRENT_PROJECT_VERSION = 1;
				GENERATE_INFOPLIST_FILE = YES;
				MARKETING_VERSION = 1.0;
				PRODUCT_BUNDLE_IDENTIFIER = co.thelifestudio.ErraUITests;
				PRODUCT_NAME = "$(TARGET_NAME)";
				SWIFT_EMIT_LOC_STRINGS = NO;
				SWIFT_VERSION = 5.0;
				TARGETED_DEVICE_FAMILY = "1,2";
				TEST_TARGET_NAME = Erra;
			};
			name = Release;
		};
/* End XCBuildConfiguration section */

/* Begin XCConfigurationList section */
		6D0C6F492A58810D004846AA /* Build configuration list for PBXProject "Erra" */ = {
			isa = XCConfigurationList;
			buildConfigurations = (
				6D0C6F752A58810E004846AA /* Debug */,
				6D0C6F762A58810E004846AA /* Release */,
			);
			defaultConfigurationIsVisible = 0;
			defaultConfigurationName = Release;
		};
		6D0C6F772A58810E004846AA /* Build configuration list for PBXNativeTarget "Erra" */ = {
			isa = XCConfigurationList;
			buildConfigurations = (
				6D0C6F782A58810E004846AA /* Debug */,
				6D0C6F792A58810E004846AA /* Release */,
			);
			defaultConfigurationIsVisible = 0;
			defaultConfigurationName = Release;
		};
		6D0C6F7A2A58810E004846AA /* Build configuration list for PBXNativeTarget "ErraTests" */ = {
			isa = XCConfigurationList;
			buildConfigurations = (
				6D0C6F7B2A58810E004846AA /* Debug */,
				6D0C6F7C2A58810E004846AA /* Release */,
			);
			defaultConfigurationIsVisible = 0;
			defaultConfigurationName = Release;
		};
		6D0C6F7D2A58810E004846AA /* Build configuration list for PBXNativeTarget "ErraUITests" */ = {
			isa = XCConfigurationList;
			buildConfigurations = (
				6D0C6F7E2A58810E004846AA /* Debug */,
				6D0C6F7F2A58810E004846AA /* Release */,
			);
			defaultConfigurationIsVisible = 0;
			defaultConfigurationName = Release;
		};
/* End XCConfigurationList section */

/* Begin XCRemoteSwiftPackageReference section */
		6D0EA0052A5AC62A00933D09 /* XCRemoteSwiftPackageReference "firebase-ios-sdk" */ = {
			isa = XCRemoteSwiftPackageReference;
			repositoryURL = "https://github.com/firebase/firebase-ios-sdk";
			requirement = {
				kind = upToNextMajorVersion;
				minimumVersion = 10.0.0;
			};
		};
		6D0EA0152A5AD00D00933D09 /* XCRemoteSwiftPackageReference "GoogleSignIn-iOS" */ = {
			isa = XCRemoteSwiftPackageReference;
			repositoryURL = "https://github.com/google/GoogleSignIn-iOS";
			requirement = {
				kind = upToNextMajorVersion;
				minimumVersion = 7.0.0;
			};
		};
		8FB8F2D12ABA6FB200509195 /* XCRemoteSwiftPackageReference "PythonKit" */ = {
			isa = XCRemoteSwiftPackageReference;
			repositoryURL = "https://github.com/pvieito/PythonKit.git";
			requirement = {
				branch = master;
				kind = branch;
			};
		};
/* End XCRemoteSwiftPackageReference section */

/* Begin XCSwiftPackageProductDependency section */
		6D0EA0062A5AC62A00933D09 /* FirebaseAnalytics */ = {
			isa = XCSwiftPackageProductDependency;
			package = 6D0EA0052A5AC62A00933D09 /* XCRemoteSwiftPackageReference "firebase-ios-sdk" */;
			productName = FirebaseAnalytics;
		};
		6D0EA0082A5AC62A00933D09 /* FirebaseAnalyticsSwift */ = {
			isa = XCSwiftPackageProductDependency;
			package = 6D0EA0052A5AC62A00933D09 /* XCRemoteSwiftPackageReference "firebase-ios-sdk" */;
			productName = FirebaseAnalyticsSwift;
		};
		6D0EA00A2A5AC62A00933D09 /* FirebaseAuth */ = {
			isa = XCSwiftPackageProductDependency;
			package = 6D0EA0052A5AC62A00933D09 /* XCRemoteSwiftPackageReference "firebase-ios-sdk" */;
			productName = FirebaseAuth;
		};
		6D0EA00C2A5AC62A00933D09 /* FirebaseDatabase */ = {
			isa = XCSwiftPackageProductDependency;
			package = 6D0EA0052A5AC62A00933D09 /* XCRemoteSwiftPackageReference "firebase-ios-sdk" */;
			productName = FirebaseDatabase;
		};
		6D0EA00E2A5AC62A00933D09 /* FirebaseDatabaseSwift */ = {
			isa = XCSwiftPackageProductDependency;
			package = 6D0EA0052A5AC62A00933D09 /* XCRemoteSwiftPackageReference "firebase-ios-sdk" */;
			productName = FirebaseDatabaseSwift;
		};
		6D0EA0102A5AC62A00933D09 /* FirebaseFirestore */ = {
			isa = XCSwiftPackageProductDependency;
			package = 6D0EA0052A5AC62A00933D09 /* XCRemoteSwiftPackageReference "firebase-ios-sdk" */;
			productName = FirebaseFirestore;
		};
		6D0EA0122A5AC62A00933D09 /* FirebaseFirestoreSwift */ = {
			isa = XCSwiftPackageProductDependency;
			package = 6D0EA0052A5AC62A00933D09 /* XCRemoteSwiftPackageReference "firebase-ios-sdk" */;
			productName = FirebaseFirestoreSwift;
		};
		6D0EA0162A5AD00D00933D09 /* GoogleSignIn */ = {
			isa = XCSwiftPackageProductDependency;
			package = 6D0EA0152A5AD00D00933D09 /* XCRemoteSwiftPackageReference "GoogleSignIn-iOS" */;
			productName = GoogleSignIn;
		};
		6D0EA0182A5AD00D00933D09 /* GoogleSignInSwift */ = {
			isa = XCSwiftPackageProductDependency;
			package = 6D0EA0152A5AD00D00933D09 /* XCRemoteSwiftPackageReference "GoogleSignIn-iOS" */;
			productName = GoogleSignInSwift;
		};
		8FB8F2D22ABA6FB200509195 /* PythonKit */ = {
			isa = XCSwiftPackageProductDependency;
			package = 8FB8F2D12ABA6FB200509195 /* XCRemoteSwiftPackageReference "PythonKit" */;
			productName = PythonKit;
		};
/* End XCSwiftPackageProductDependency section */

/* Begin XCVersionGroup section */
		8F6AC92F2AA6826900F90966 /* Ignis.xcdatamodeld */ = {
			isa = XCVersionGroup;
			children = (
				8F6AC9302AA6826900F90966 /* Ignis.xcdatamodel */,
			);
			currentVersion = 8F6AC9302AA6826900F90966 /* Ignis.xcdatamodel */;
			path = Ignis.xcdatamodeld;
			sourceTree = "<group>";
			versionGroupType = wrapper.xcdatamodel;
		};
/* End XCVersionGroup section */
	};
	rootObject = 6D0C6F462A58810D004846AA /* Project object */;
}
